{
	"name": "pushbots-react-native",
	"version": "1.0.0-alpha",
	"lockfileVersion": 1,
	"requires": true,
	"dependencies": {
		"pushwoosh-react-native-plugin": {
			"version": "3.1.0",
			"resolved": "https://registry.npmjs.org/pushwoosh-react-native-plugin/-/pushwoosh-react-native-plugin-3.1.0.tgz",
			"integrity": "sha512-5bSgGnn90p1yNNeIfp07JMIKWryq8dd39PBvpDEHLuBx7T7Pdguq5qnTwwZc1UTM/Ai3q0286OLFTXkCRPlgMA=="
		}
	}
}
